// !$*UTF8*$!
{
	archiveVersion = 1;
	classes = {
	};
	objectVersion = 56;
	objects = {

/* Begin PBXBuildFile section */
		F81B5CED2ADA902800D67592 /* CustomCalendarApp.swift in Sources */ = {isa = PBXBuildFile; fileRef = F81B5CEC2ADA902800D67592 /* CustomCalendarApp.swift */; };
		F81B5CF12ADA902900D67592 /* Assets.xcassets in Resources */ = {isa = PBXBuildFile; fileRef = F81B5CF02ADA902900D67592 /* Assets.xcassets */; };
		F81B5CF52ADA902900D67592 /* Preview Assets.xcassets in Resources */ = {isa = PBXBuildFile; fileRef = F81B5CF42ADA902900D67592 /* Preview Assets.xcassets */; };
		F81B5CFF2ADA902A00D67592 /* CustomCalendarTests.swift in Sources */ = {isa = PBXBuildFile; fileRef = F81B5CFE2ADA902A00D67592 /* CustomCalendarTests.swift */; };
		F81B5D092ADA902A00D67592 /* CustomCalendarUITests.swift in Sources */ = {isa = PBXBuildFile; fileRef = F81B5D082ADA902A00D67592 /* CustomCalendarUITests.swift */; };
		F81B5D0B2ADA902A00D67592 /* CustomCalendarUITestsLaunchTests.swift in Sources */ = {isa = PBXBuildFile; fileRef = F81B5D0A2ADA902A00D67592 /* CustomCalendarUITestsLaunchTests.swift */; };
		F81B5D242ADA914B00D67592 /* CalendarModel.swift in Sources */ = {isa = PBXBuildFile; fileRef = F81B5D1A2ADA906E00D67592 /* CalendarModel.swift */; };
		F81B5D252ADA914B00D67592 /* CalendarViewModel.swift in Sources */ = {isa = PBXBuildFile; fileRef = F81B5D1B2ADA906E00D67592 /* CalendarViewModel.swift */; };
		F81B5D262ADA914B00D67592 /* CalendarView.swift in Sources */ = {isa = PBXBuildFile; fileRef = F81B5D212ADA907200D67592 /* CalendarView.swift */; };
		F81B5D272ADA914B00D67592 /* ModalMonthsView.swift in Sources */ = {isa = PBXBuildFile; fileRef = F81B5D1D2ADA907200D67592 /* ModalMonthsView.swift */; };
		F81B5D282ADA914B00D67592 /* ModalView.swift in Sources */ = {isa = PBXBuildFile; fileRef = F81B5D1E2ADA907200D67592 /* ModalView.swift */; };
		F81B5D292ADA914B00D67592 /* MonthHeaderView.swift in Sources */ = {isa = PBXBuildFile; fileRef = F81B5D1F2ADA907200D67592 /* MonthHeaderView.swift */; };
		F81B5D2A2ADA914B00D67592 /* ModalYearsView.swift in Sources */ = {isa = PBXBuildFile; fileRef = F81B5D202ADA907200D67592 /* ModalYearsView.swift */; };
		F81B5D2B2ADA914B00D67592 /* DayView.swift in Sources */ = {isa = PBXBuildFile; fileRef = F81B5D222ADA907200D67592 /* DayView.swift */; };
		F81B5D2C2ADA914B00D67592 /* YearHeaderView.swift in Sources */ = {isa = PBXBuildFile; fileRef = F81B5D232ADA907200D67592 /* YearHeaderView.swift */; };
		F81B5D302ADBD83500D67592 /* Localizable.strings in Resources */ = {isa = PBXBuildFile; fileRef = F81B5D322ADBD83500D67592 /* Localizable.strings */; };
		F8FF87362B0B7DCE0012AB9E /* Date+Extension.swift in Sources */ = {isa = PBXBuildFile; fileRef = F8FF87352B0B7DCE0012AB9E /* Date+Extension.swift */; };
/* End PBXBuildFile section */

/* Begin PBXContainerItemProxy section */
		F81B5CFB2ADA902A00D67592 /* PBXContainerItemProxy */ = {
			isa = PBXContainerItemProxy;
			containerPortal = F81B5CE12ADA902800D67592 /* Project object */;
			proxyType = 1;
			remoteGlobalIDString = F81B5CE82ADA902800D67592;
			remoteInfo = CustomCalendar;
		};
		F81B5D052ADA902A00D67592 /* PBXContainerItemProxy */ = {
			isa = PBXContainerItemProxy;
			containerPortal = F81B5CE12ADA902800D67592 /* Project object */;
			proxyType = 1;
			remoteGlobalIDString = F81B5CE82ADA902800D67592;
			remoteInfo = CustomCalendar;
		};
/* End PBXContainerItemProxy section */

/* Begin PBXFileReference section */
		F81B5CE92ADA902800D67592 /* CustomCalendar.app */ = {isa = PBXFileReference; explicitFileType = wrapper.application; includeInIndex = 0; path = CustomCalendar.app; sourceTree = BUILT_PRODUCTS_DIR; };
		F81B5CEC2ADA902800D67592 /* CustomCalendarApp.swift */ = {isa = PBXFileReference; lastKnownFileType = sourcecode.swift; path = CustomCalendarApp.swift; sourceTree = "<group>"; };
		F81B5CF02ADA902900D67592 /* Assets.xcassets */ = {isa = PBXFileReference; lastKnownFileType = folder.assetcatalog; path = Assets.xcassets; sourceTree = "<group>"; };
		F81B5CF22ADA902900D67592 /* CustomCalendar.entitlements */ = {isa = PBXFileReference; lastKnownFileType = text.plist.entitlements; path = CustomCalendar.entitlements; sourceTree = "<group>"; };
		F81B5CF42ADA902900D67592 /* Preview Assets.xcassets */ = {isa = PBXFileReference; lastKnownFileType = folder.assetcatalog; path = "Preview Assets.xcassets"; sourceTree = "<group>"; };
		F81B5CFA2ADA902A00D67592 /* CustomCalendarTests.xctest */ = {isa = PBXFileReference; explicitFileType = wrapper.cfbundle; includeInIndex = 0; path = CustomCalendarTests.xctest; sourceTree = BUILT_PRODUCTS_DIR; };
		F81B5CFE2ADA902A00D67592 /* CustomCalendarTests.swift */ = {isa = PBXFileReference; lastKnownFileType = sourcecode.swift; path = CustomCalendarTests.swift; sourceTree = "<group>"; };
		F81B5D042ADA902A00D67592 /* CustomCalendarUITests.xctest */ = {isa = PBXFileReference; explicitFileType = wrapper.cfbundle; includeInIndex = 0; path = CustomCalendarUITests.xctest; sourceTree = BUILT_PRODUCTS_DIR; };
		F81B5D082ADA902A00D67592 /* CustomCalendarUITests.swift */ = {isa = PBXFileReference; lastKnownFileType = sourcecode.swift; path = CustomCalendarUITests.swift; sourceTree = "<group>"; };
		F81B5D0A2ADA902A00D67592 /* CustomCalendarUITestsLaunchTests.swift */ = {isa = PBXFileReference; lastKnownFileType = sourcecode.swift; path = CustomCalendarUITestsLaunchTests.swift; sourceTree = "<group>"; };
		F81B5D1A2ADA906E00D67592 /* CalendarModel.swift */ = {isa = PBXFileReference; lastKnownFileType = sourcecode.swift; path = CalendarModel.swift; sourceTree = "<group>"; };
		F81B5D1B2ADA906E00D67592 /* CalendarViewModel.swift */ = {isa = PBXFileReference; lastKnownFileType = sourcecode.swift; path = CalendarViewModel.swift; sourceTree = "<group>"; };
		F81B5D1D2ADA907200D67592 /* ModalMonthsView.swift */ = {isa = PBXFileReference; lastKnownFileType = sourcecode.swift; path = ModalMonthsView.swift; sourceTree = "<group>"; };
		F81B5D1E2ADA907200D67592 /* ModalView.swift */ = {isa = PBXFileReference; lastKnownFileType = sourcecode.swift; path = ModalView.swift; sourceTree = "<group>"; };
		F81B5D1F2ADA907200D67592 /* MonthHeaderView.swift */ = {isa = PBXFileReference; lastKnownFileType = sourcecode.swift; path = MonthHeaderView.swift; sourceTree = "<group>"; };
		F81B5D202ADA907200D67592 /* ModalYearsView.swift */ = {isa = PBXFileReference; lastKnownFileType = sourcecode.swift; path = ModalYearsView.swift; sourceTree = "<group>"; };
		F81B5D212ADA907200D67592 /* CalendarView.swift */ = {isa = PBXFileReference; lastKnownFileType = sourcecode.swift; path = CalendarView.swift; sourceTree = "<group>"; };
		F81B5D222ADA907200D67592 /* DayView.swift */ = {isa = PBXFileReference; lastKnownFileType = sourcecode.swift; path = DayView.swift; sourceTree = "<group>"; };
		F81B5D232ADA907200D67592 /* YearHeaderView.swift */ = {isa = PBXFileReference; lastKnownFileType = sourcecode.swift; path = YearHeaderView.swift; sourceTree = "<group>"; };
		F81B5D2D2ADAFD0100D67592 /* Info.plist */ = {isa = PBXFileReference; lastKnownFileType = text.plist; path = Info.plist; sourceTree = "<group>"; };
		F81B5D312ADBD83500D67592 /* en */ = {isa = PBXFileReference; lastKnownFileType = text.plist.strings; name = en; path = en.lproj/Localizable.strings; sourceTree = "<group>"; };
		F81B5D332ADBD86500D67592 /* pt-BR */ = {isa = PBXFileReference; lastKnownFileType = text.plist.strings; name = "pt-BR"; path = "pt-BR.lproj/Localizable.strings"; sourceTree = "<group>"; };
		F81B5D342ADBD86A00D67592 /* nl */ = {isa = PBXFileReference; lastKnownFileType = text.plist.strings; name = nl; path = nl.lproj/Localizable.strings; sourceTree = "<group>"; };
		F8FF87352B0B7DCE0012AB9E /* Date+Extension.swift */ = {isa = PBXFileReference; lastKnownFileType = sourcecode.swift; path = "Date+Extension.swift"; sourceTree = "<group>"; };
/* End PBXFileReference section */

/* Begin PBXFrameworksBuildPhase section */
		F81B5CE62ADA902800D67592 /* Frameworks */ = {
			isa = PBXFrameworksBuildPhase;
			buildActionMask = 2147483647;
			files = (
			);
			runOnlyForDeploymentPostprocessing = 0;
		};
		F81B5CF72ADA902A00D67592 /* Frameworks */ = {
			isa = PBXFrameworksBuildPhase;
			buildActionMask = 2147483647;
			files = (
			);
			runOnlyForDeploymentPostprocessing = 0;
		};
		F81B5D012ADA902A00D67592 /* Frameworks */ = {
			isa = PBXFrameworksBuildPhase;
			buildActionMask = 2147483647;
			files = (
			);
			runOnlyForDeploymentPostprocessing = 0;
		};
/* End PBXFrameworksBuildPhase section */

/* Begin PBXGroup section */
		F81B5CE02ADA902800D67592 = {
			isa = PBXGroup;
			children = (
				F81B5CEB2ADA902800D67592 /* CustomCalendar */,
				F81B5CFD2ADA902A00D67592 /* CustomCalendarTests */,
				F81B5D072ADA902A00D67592 /* CustomCalendarUITests */,
				F81B5CEA2ADA902800D67592 /* Products */,
			);
			sourceTree = "<group>";
		};
		F81B5CEA2ADA902800D67592 /* Products */ = {
			isa = PBXGroup;
			children = (
				F81B5CE92ADA902800D67592 /* CustomCalendar.app */,
				F81B5CFA2ADA902A00D67592 /* CustomCalendarTests.xctest */,
				F81B5D042ADA902A00D67592 /* CustomCalendarUITests.xctest */,
			);
			name = Products;
			sourceTree = "<group>";
		};
		F81B5CEB2ADA902800D67592 /* CustomCalendar */ = {
			isa = PBXGroup;
			children = (
				F81B5D2D2ADAFD0100D67592 /* Info.plist */,
				F81B5D322ADBD83500D67592 /* Localizable.strings */,
				F81B5D192ADA906E00D67592 /* model */,
				F81B5D1C2ADA907200D67592 /* views */,
				F8FF87372B0B83510012AB9E /* extensions */,
				F81B5CEC2ADA902800D67592 /* CustomCalendarApp.swift */,
				F81B5CF02ADA902900D67592 /* Assets.xcassets */,
				F81B5CF22ADA902900D67592 /* CustomCalendar.entitlements */,
				F81B5CF32ADA902900D67592 /* Preview Content */,
			);
			path = CustomCalendar;
			sourceTree = "<group>";
		};
		F81B5CF32ADA902900D67592 /* Preview Content */ = {
			isa = PBXGroup;
			children = (
				F81B5CF42ADA902900D67592 /* Preview Assets.xcassets */,
			);
			path = "Preview Content";
			sourceTree = "<group>";
		};
		F81B5CFD2ADA902A00D67592 /* CustomCalendarTests */ = {
			isa = PBXGroup;
			children = (
				F81B5CFE2ADA902A00D67592 /* CustomCalendarTests.swift */,
			);
			path = CustomCalendarTests;
			sourceTree = "<group>";
		};
		F81B5D072ADA902A00D67592 /* CustomCalendarUITests */ = {
			isa = PBXGroup;
			children = (
				F81B5D082ADA902A00D67592 /* CustomCalendarUITests.swift */,
				F81B5D0A2ADA902A00D67592 /* CustomCalendarUITestsLaunchTests.swift */,
			);
			path = CustomCalendarUITests;
			sourceTree = "<group>";
		};
		F81B5D192ADA906E00D67592 /* model */ = {
			isa = PBXGroup;
			children = (
				F81B5D1A2ADA906E00D67592 /* CalendarModel.swift */,
				F81B5D1B2ADA906E00D67592 /* CalendarViewModel.swift */,
			);
			path = model;
			sourceTree = "<group>";
		};
		F81B5D1C2ADA907200D67592 /* views */ = {
			isa = PBXGroup;
			children = (
				F81B5D212ADA907200D67592 /* CalendarView.swift */,
				F81B5D1D2ADA907200D67592 /* ModalMonthsView.swift */,
				F81B5D1F2ADA907200D67592 /* MonthHeaderView.swift */,
				F81B5D232ADA907200D67592 /* YearHeaderView.swift */,
				F81B5D202ADA907200D67592 /* ModalYearsView.swift */,
				F81B5D222ADA907200D67592 /* DayView.swift */,
				F81B5D1E2ADA907200D67592 /* ModalView.swift */,
			);
			path = views;
			sourceTree = "<group>";
		};
		F8FF87372B0B83510012AB9E /* extensions */ = {
			isa = PBXGroup;
			children = (
				F8FF87352B0B7DCE0012AB9E /* Date+Extension.swift */,
			);
			path = extensions;
			sourceTree = "<group>";
		};
/* End PBXGroup section */

/* Begin PBXNativeTarget section */
		F81B5CE82ADA902800D67592 /* CustomCalendar */ = {
			isa = PBXNativeTarget;
			buildConfigurationList = F81B5D0E2ADA902A00D67592 /* Build configuration list for PBXNativeTarget "CustomCalendar" */;
			buildPhases = (
				F81B5CE52ADA902800D67592 /* Sources */,
				F81B5CE62ADA902800D67592 /* Frameworks */,
				F81B5CE72ADA902800D67592 /* Resources */,
			);
			buildRules = (
			);
			dependencies = (
			);
			name = CustomCalendar;
			productName = CustomCalendar;
			productReference = F81B5CE92ADA902800D67592 /* CustomCalendar.app */;
			productType = "com.apple.product-type.application";
		};
		F81B5CF92ADA902A00D67592 /* CustomCalendarTests */ = {
			isa = PBXNativeTarget;
			buildConfigurationList = F81B5D112ADA902A00D67592 /* Build configuration list for PBXNativeTarget "CustomCalendarTests" */;
			buildPhases = (
				F81B5CF62ADA902A00D67592 /* Sources */,
				F81B5CF72ADA902A00D67592 /* Frameworks */,
				F81B5CF82ADA902A00D67592 /* Resources */,
			);
			buildRules = (
			);
			dependencies = (
				F81B5CFC2ADA902A00D67592 /* PBXTargetDependency */,
			);
			name = CustomCalendarTests;
			productName = CustomCalendarTests;
			productReference = F81B5CFA2ADA902A00D67592 /* CustomCalendarTests.xctest */;
			productType = "com.apple.product-type.bundle.unit-test";
		};
		F81B5D032ADA902A00D67592 /* CustomCalendarUITests */ = {
			isa = PBXNativeTarget;
			buildConfigurationList = F81B5D142ADA902A00D67592 /* Build configuration list for PBXNativeTarget "CustomCalendarUITests" */;
			buildPhases = (
				F81B5D002ADA902A00D67592 /* Sources */,
				F81B5D012ADA902A00D67592 /* Frameworks */,
				F81B5D022ADA902A00D67592 /* Resources */,
			);
			buildRules = (
			);
			dependencies = (
				F81B5D062ADA902A00D67592 /* PBXTargetDependency */,
			);
			name = CustomCalendarUITests;
			productName = CustomCalendarUITests;
			productReference = F81B5D042ADA902A00D67592 /* CustomCalendarUITests.xctest */;
			productType = "com.apple.product-type.bundle.ui-testing";
		};
/* End PBXNativeTarget section */

/* Begin PBXProject section */
		F81B5CE12ADA902800D67592 /* Project object */ = {
			isa = PBXProject;
			attributes = {
				BuildIndependentTargetsInParallel = 1;
				LastSwiftUpdateCheck = 1420;
				LastUpgradeCheck = 1420;
				TargetAttributes = {
					F81B5CE82ADA902800D67592 = {
						CreatedOnToolsVersion = 14.2;
					};
					F81B5CF92ADA902A00D67592 = {
						CreatedOnToolsVersion = 14.2;
						TestTargetID = F81B5CE82ADA902800D67592;
					};
					F81B5D032ADA902A00D67592 = {
						CreatedOnToolsVersion = 14.2;
						TestTargetID = F81B5CE82ADA902800D67592;
					};
				};
			};
			buildConfigurationList = F81B5CE42ADA902800D67592 /* Build configuration list for PBXProject "CustomCalendar" */;
			compatibilityVersion = "Xcode 14.0";
			developmentRegion = en;
			hasScannedForEncodings = 0;
			knownRegions = (
				en,
				Base,
				"pt-BR",
				nl,
			);
			mainGroup = F81B5CE02ADA902800D67592;
			productRefGroup = F81B5CEA2ADA902800D67592 /* Products */;
			projectDirPath = "";
			projectRoot = "";
			targets = (
				F81B5CE82ADA902800D67592 /* CustomCalendar */,
				F81B5CF92ADA902A00D67592 /* CustomCalendarTests */,
				F81B5D032ADA902A00D67592 /* CustomCalendarUITests */,
			);
		};
/* End PBXProject section */

/* Begin PBXResourcesBuildPhase section */
		F81B5CE72ADA902800D67592 /* Resources */ = {
			isa = PBXResourcesBuildPhase;
			buildActionMask = 2147483647;
			files = (
				F81B5CF52ADA902900D67592 /* Preview Assets.xcassets in Resources */,
				F81B5D302ADBD83500D67592 /* Localizable.strings in Resources */,
				F81B5CF12ADA902900D67592 /* Assets.xcassets in Resources */,
			);
			runOnlyForDeploymentPostprocessing = 0;
		};
		F81B5CF82ADA902A00D67592 /* Resources */ = {
			isa = PBXResourcesBuildPhase;
			buildActionMask = 2147483647;
			files = (
			);
			runOnlyForDeploymentPostprocessing = 0;
		};
		F81B5D022ADA902A00D67592 /* Resources */ = {
			isa = PBXResourcesBuildPhase;
			buildActionMask = 2147483647;
			files = (
			);
			runOnlyForDeploymentPostprocessing = 0;
		};
/* End PBXResourcesBuildPhase section */

/* Begin PBXSourcesBuildPhase section */
		F81B5CE52ADA902800D67592 /* Sources */ = {
			isa = PBXSourcesBuildPhase;
			buildActionMask = 2147483647;
			files = (
				F81B5D242ADA914B00D67592 /* CalendarModel.swift in Sources */,
				F8FF87362B0B7DCE0012AB9E /* Date+Extension.swift in Sources */,
				F81B5D252ADA914B00D67592 /* CalendarViewModel.swift in Sources */,
				F81B5D262ADA914B00D67592 /* CalendarView.swift in Sources */,
				F81B5D272ADA914B00D67592 /* ModalMonthsView.swift in Sources */,
				F81B5D282ADA914B00D67592 /* ModalView.swift in Sources */,
				F81B5D292ADA914B00D67592 /* MonthHeaderView.swift in Sources */,
				F81B5D2A2ADA914B00D67592 /* ModalYearsView.swift in Sources */,
				F81B5D2B2ADA914B00D67592 /* DayView.swift in Sources */,
				F81B5D2C2ADA914B00D67592 /* YearHeaderView.swift in Sources */,
				F81B5CED2ADA902800D67592 /* CustomCalendarApp.swift in Sources */,
			);
			runOnlyForDeploymentPostprocessing = 0;
		};
		F81B5CF62ADA902A00D67592 /* Sources */ = {
			isa = PBXSourcesBuildPhase;
			buildActionMask = 2147483647;
			files = (
				F81B5CFF2ADA902A00D67592 /* CustomCalendarTests.swift in Sources */,
			);
			runOnlyForDeploymentPostprocessing = 0;
		};
		F81B5D002ADA902A00D67592 /* Sources */ = {
			isa = PBXSourcesBuildPhase;
			buildActionMask = 2147483647;
			files = (
				F81B5D092ADA902A00D67592 /* CustomCalendarUITests.swift in Sources */,
				F81B5D0B2ADA902A00D67592 /* CustomCalendarUITestsLaunchTests.swift in Sources */,
			);
			runOnlyForDeploymentPostprocessing = 0;
		};
/* End PBXSourcesBuildPhase section */

/* Begin PBXTargetDependency section */
		F81B5CFC2ADA902A00D67592 /* PBXTargetDependency */ = {
			isa = PBXTargetDependency;
			target = F81B5CE82ADA902800D67592 /* CustomCalendar */;
			targetProxy = F81B5CFB2ADA902A00D67592 /* PBXContainerItemProxy */;
		};
		F81B5D062ADA902A00D67592 /* PBXTargetDependency */ = {
			isa = PBXTargetDependency;
			target = F81B5CE82ADA902800D67592 /* CustomCalendar */;
			targetProxy = F81B5D052ADA902A00D67592 /* PBXContainerItemProxy */;
		};
/* End PBXTargetDependency section */

/* Begin PBXVariantGroup section */
		F81B5D322ADBD83500D67592 /* Localizable.strings */ = {
			isa = PBXVariantGroup;
			children = (
				F81B5D312ADBD83500D67592 /* en */,
				F81B5D332ADBD86500D67592 /* pt-BR */,
				F81B5D342ADBD86A00D67592 /* nl */,
			);
			name = Localizable.strings;
			sourceTree = "<group>";
		};
/* End PBXVariantGroup section */

/* Begin XCBuildConfiguration section */
		F81B5D0C2ADA902A00D67592 /* Debug */ = {
			isa = XCBuildConfiguration;
			buildSettings = {
				ALWAYS_SEARCH_USER_PATHS = NO;
				CLANG_ANALYZER_LOCALIZABILITY_NONLOCALIZED = YES;
				CLANG_ANALYZER_NONNULL = YES;
				CLANG_ANALYZER_NUMBER_OBJECT_CONVERSION = YES_AGGRESSIVE;
				CLANG_CXX_LANGUAGE_STANDARD = "gnu++20";
				CLANG_ENABLE_MODULES = YES;
				CLANG_ENABLE_OBJC_ARC = YES;
				CLANG_ENABLE_OBJC_WEAK = YES;
				CLANG_WARN_BLOCK_CAPTURE_AUTORELEASING = YES;
				CLANG_WARN_BOOL_CONVERSION = YES;
				CLANG_WARN_COMMA = YES;
				CLANG_WARN_CONSTANT_CONVERSION = YES;
				CLANG_WARN_DEPRECATED_OBJC_IMPLEMENTATIONS = YES;
				CLANG_WARN_DIRECT_OBJC_ISA_USAGE = YES_ERROR;
				CLANG_WARN_DOCUMENTATION_COMMENTS = YES;
				CLANG_WARN_EMPTY_BODY = YES;
				CLANG_WARN_ENUM_CONVERSION = YES;
				CLANG_WARN_INFINITE_RECURSION = YES;
				CLANG_WARN_INT_CONVERSION = YES;
				CLANG_WARN_NON_LITERAL_NULL_CONVERSION = YES;
				CLANG_WARN_OBJC_IMPLICIT_RETAIN_SELF = YES;
				CLANG_WARN_OBJC_LITERAL_CONVERSION = YES;
				CLANG_WARN_OBJC_ROOT_CLASS = YES_ERROR;
				CLANG_WARN_QUOTED_INCLUDE_IN_FRAMEWORK_HEADER = YES;
				CLANG_WARN_RANGE_LOOP_ANALYSIS = YES;
				CLANG_WARN_STRICT_PROTOTYPES = YES;
				CLANG_WARN_SUSPICIOUS_MOVE = YES;
				CLANG_WARN_UNGUARDED_AVAILABILITY = YES_AGGRESSIVE;
				CLANG_WARN_UNREACHABLE_CODE = YES;
				CLANG_WARN__DUPLICATE_METHOD_MATCH = YES;
				COPY_PHASE_STRIP = NO;
				DEBUG_INFORMATION_FORMAT = dwarf;
				ENABLE_STRICT_OBJC_MSGSEND = YES;
				ENABLE_TESTABILITY = YES;
				GCC_C_LANGUAGE_STANDARD = gnu11;
				GCC_DYNAMIC_NO_PIC = NO;
				GCC_NO_COMMON_BLOCKS = YES;
				GCC_OPTIMIZATION_LEVEL = 0;
				GCC_PREPROCESSOR_DEFINITIONS = (
					"DEBUG=1",
					"$(inherited)",
				);
				GCC_WARN_64_TO_32_BIT_CONVERSION = YES;
				GCC_WARN_ABOUT_RETURN_TYPE = YES_ERROR;
				GCC_WARN_UNDECLARED_SELECTOR = YES;
				GCC_WARN_UNINITIALIZED_AUTOS = YES_AGGRESSIVE;
				GCC_WARN_UNUSED_FUNCTION = YES;
				GCC_WARN_UNUSED_VARIABLE = YES;
				MTL_ENABLE_DEBUG_INFO = INCLUDE_SOURCE;
				MTL_FAST_MATH = YES;
				ONLY_ACTIVE_ARCH = YES;
				SWIFT_ACTIVE_COMPILATION_CONDITIONS = DEBUG;
				SWIFT_OPTIMIZATION_LEVEL = "-Onone";
			};
			name = Debug;
		};
		F81B5D0D2ADA902A00D67592 /* Release */ = {
			isa = XCBuildConfiguration;
			buildSettings = {
				ALWAYS_SEARCH_USER_PATHS = NO;
				CLANG_ANALYZER_LOCALIZABILITY_NONLOCALIZED = YES;
				CLANG_ANALYZER_NONNULL = YES;
				CLANG_ANALYZER_NUMBER_OBJECT_CONVERSION = YES_AGGRESSIVE;
				CLANG_CXX_LANGUAGE_STANDARD = "gnu++20";
				CLANG_ENABLE_MODULES = YES;
				CLANG_ENABLE_OBJC_ARC = YES;
				CLANG_ENABLE_OBJC_WEAK = YES;
				CLANG_WARN_BLOCK_CAPTURE_AUTORELEASING = YES;
				CLANG_WARN_BOOL_CONVERSION = YES;
				CLANG_WARN_COMMA = YES;
				CLANG_WARN_CONSTANT_CONVERSION = YES;
				CLANG_WARN_DEPRECATED_OBJC_IMPLEMENTATIONS = YES;
				CLANG_WARN_DIRECT_OBJC_ISA_USAGE = YES_ERROR;
				CLANG_WARN_DOCUMENTATION_COMMENTS = YES;
				CLANG_WARN_EMPTY_BODY = YES;
				CLANG_WARN_ENUM_CONVERSION = YES;
				CLANG_WARN_INFINITE_RECURSION = YES;
				CLANG_WARN_INT_CONVERSION = YES;
				CLANG_WARN_NON_LITERAL_NULL_CONVERSION = YES;
				CLANG_WARN_OBJC_IMPLICIT_RETAIN_SELF = YES;
				CLANG_WARN_OBJC_LITERAL_CONVERSION = YES;
				CLANG_WARN_OBJC_ROOT_CLASS = YES_ERROR;
				CLANG_WARN_QUOTED_INCLUDE_IN_FRAMEWORK_HEADER = YES;
				CLANG_WARN_RANGE_LOOP_ANALYSIS = YES;
				CLANG_WARN_STRICT_PROTOTYPES = YES;
				CLANG_WARN_SUSPICIOUS_MOVE = YES;
				CLANG_WARN_UNGUARDED_AVAILABILITY = YES_AGGRESSIVE;
				CLANG_WARN_UNREACHABLE_CODE = YES;
				CLANG_WARN__DUPLICATE_METHOD_MATCH = YES;
				COPY_PHASE_STRIP = NO;
				DEBUG_INFORMATION_FORMAT = "dwarf-with-dsym";
				ENABLE_NS_ASSERTIONS = NO;
				ENABLE_STRICT_OBJC_MSGSEND = YES;
				GCC_C_LANGUAGE_STANDARD = gnu11;
				GCC_NO_COMMON_BLOCKS = YES;
				GCC_WARN_64_TO_32_BIT_CONVERSION = YES;
				GCC_WARN_ABOUT_RETURN_TYPE = YES_ERROR;
				GCC_WARN_UNDECLARED_SELECTOR = YES;
				GCC_WARN_UNINITIALIZED_AUTOS = YES_AGGRESSIVE;
				GCC_WARN_UNUSED_FUNCTION = YES;
				GCC_WARN_UNUSED_VARIABLE = YES;
				MTL_ENABLE_DEBUG_INFO = NO;
				MTL_FAST_MATH = YES;
				SWIFT_COMPILATION_MODE = wholemodule;
				SWIFT_OPTIMIZATION_LEVEL = "-O";
			};
			name = Release;
		};
		F81B5D0F2ADA902A00D67592 /* Debug */ = {
			isa = XCBuildConfiguration;
			buildSettings = {
				ASSETCATALOG_COMPILER_APPICON_NAME = AppIcon;
				ASSETCATALOG_COMPILER_GLOBAL_ACCENT_COLOR_NAME = AccentColor;
				CODE_SIGN_ENTITLEMENTS = CustomCalendar/CustomCalendar.entitlements;
				CODE_SIGN_STYLE = Automatic;
				CURRENT_PROJECT_VERSION = 1;
				DEVELOPMENT_ASSET_PATHS = "\"CustomCalendar/Preview Content\"";
				DEVELOPMENT_TEAM = 3F274MB2RL;
				ENABLE_HARDENED_RUNTIME = YES;
				ENABLE_PREVIEWS = YES;
				GENERATE_INFOPLIST_FILE = YES;
				INFOPLIST_FILE = CustomCalendar/Info.plist;
				"INFOPLIST_KEY_UIApplicationSceneManifest_Generation[sdk=iphoneos*]" = YES;
				"INFOPLIST_KEY_UIApplicationSceneManifest_Generation[sdk=iphonesimulator*]" = YES;
				"INFOPLIST_KEY_UIApplicationSupportsIndirectInputEvents[sdk=iphoneos*]" = YES;
				"INFOPLIST_KEY_UIApplicationSupportsIndirectInputEvents[sdk=iphonesimulator*]" = YES;
				"INFOPLIST_KEY_UILaunchScreen_Generation[sdk=iphoneos*]" = YES;
				"INFOPLIST_KEY_UILaunchScreen_Generation[sdk=iphonesimulator*]" = YES;
				"INFOPLIST_KEY_UIStatusBarStyle[sdk=iphoneos*]" = UIStatusBarStyleDefault;
				"INFOPLIST_KEY_UIStatusBarStyle[sdk=iphonesimulator*]" = UIStatusBarStyleDefault;
				INFOPLIST_KEY_UISupportedInterfaceOrientations_iPad = "UIInterfaceOrientationPortrait UIInterfaceOrientationPortraitUpsideDown UIInterfaceOrientationLandscapeLeft UIInterfaceOrientationLandscapeRight";
				INFOPLIST_KEY_UISupportedInterfaceOrientations_iPhone = "UIInterfaceOrientationPortrait UIInterfaceOrientationLandscapeLeft UIInterfaceOrientationLandscapeRight";
				IPHONEOS_DEPLOYMENT_TARGET = 16.2;
				LD_RUNPATH_SEARCH_PATHS = "@executable_path/Frameworks";
				"LD_RUNPATH_SEARCH_PATHS[sdk=macosx*]" = "@executable_path/../Frameworks";
				MACOSX_DEPLOYMENT_TARGET = 13.1;
				MARKETING_VERSION = 1.0;
				PRODUCT_BUNDLE_IDENTIFIER = com.bcbs.CustomCalendar;
				PRODUCT_NAME = "$(TARGET_NAME)";
				SDKROOT = auto;
				SUPPORTED_PLATFORMS = "iphoneos iphonesimulator";
				SUPPORTS_MACCATALYST = NO;
				SUPPORTS_MAC_DESIGNED_FOR_IPHONE_IPAD = NO;
				SWIFT_EMIT_LOC_STRINGS = YES;
				SWIFT_VERSION = 5.0;
				TARGETED_DEVICE_FAMILY = "1,2";
			};
			name = Debug;
		};
		F81B5D102ADA902A00D67592 /* Release */ = {
			isa = XCBuildConfiguration;
			buildSettings = {
				ASSETCATALOG_COMPILER_APPICON_NAME = AppIcon;
				ASSETCATALOG_COMPILER_GLOBAL_ACCENT_COLOR_NAME = AccentColor;
				CODE_SIGN_ENTITLEMENTS = CustomCalendar/CustomCalendar.entitlements;
				CODE_SIGN_STYLE = Automatic;
				CURRENT_PROJECT_VERSION = 1;
				DEVELOPMENT_ASSET_PATHS = "\"CustomCalendar/Preview Content\"";
				DEVELOPMENT_TEAM = 3F274MB2RL;
				ENABLE_HARDENED_RUNTIME = YES;
				ENABLE_PREVIEWS = YES;
				GENERATE_INFOPLIST_FILE = YES;
				INFOPLIST_FILE = CustomCalendar/Info.plist;
				"INFOPLIST_KEY_UIApplicationSceneManifest_Generation[sdk=iphoneos*]" = YES;
				"INFOPLIST_KEY_UIApplicationSceneManifest_Generation[sdk=iphonesimulator*]" = YES;
				"INFOPLIST_KEY_UIApplicationSupportsIndirectInputEvents[sdk=iphoneos*]" = YES;
				"INFOPLIST_KEY_UIApplicationSupportsIndirectInputEvents[sdk=iphonesimulator*]" = YES;
				"INFOPLIST_KEY_UILaunchScreen_Generation[sdk=iphoneos*]" = YES;
				"INFOPLIST_KEY_UILaunchScreen_Generation[sdk=iphonesimulator*]" = YES;
				"INFOPLIST_KEY_UIStatusBarStyle[sdk=iphoneos*]" = UIStatusBarStyleDefault;
				"INFOPLIST_KEY_UIStatusBarStyle[sdk=iphonesimulator*]" = UIStatusBarStyleDefault;
				INFOPLIST_KEY_UISupportedInterfaceOrientations_iPad = "UIInterfaceOrientationPortrait UIInterfaceOrientationPortraitUpsideDown UIInterfaceOrientationLandscapeLeft UIInterfaceOrientationLandscapeRight";
				INFOPLIST_KEY_UISupportedInterfaceOrientations_iPhone = "UIInterfaceOrientationPortrait UIInterfaceOrientationLandscapeLeft UIInterfaceOrientationLandscapeRight";
				IPHONEOS_DEPLOYMENT_TARGET = 16.2;
				LD_RUNPATH_SEARCH_PATHS = "@executable_path/Frameworks";
				"LD_RUNPATH_SEARCH_PATHS[sdk=macosx*]" = "@executable_path/../Frameworks";
				MACOSX_DEPLOYMENT_TARGET = 13.1;
				MARKETING_VERSION = 1.0;
				PRODUCT_BUNDLE_IDENTIFIER = com.bcbs.CustomCalendar;
				PRODUCT_NAME = "$(TARGET_NAME)";
				SDKROOT = auto;
				SUPPORTED_PLATFORMS = "iphoneos iphonesimulator";
				SUPPORTS_MACCATALYST = NO;
				SUPPORTS_MAC_DESIGNED_FOR_IPHONE_IPAD = NO;
				SWIFT_EMIT_LOC_STRINGS = YES;
				SWIFT_VERSION = 5.0;
				TARGETED_DEVICE_FAMILY = "1,2";
			};
			name = Release;
		};
		F81B5D122ADA902A00D67592 /* Debug */ = {
			isa = XCBuildConfiguration;
			buildSettings = {
				ALWAYS_EMBED_SWIFT_STANDARD_LIBRARIES = YES;
				BUNDLE_LOADER = "$(TEST_HOST)";
				CODE_SIGN_STYLE = Automatic;
				CURRENT_PROJECT_VERSION = 1;
				DEVELOPMENT_TEAM = 3F274MB2RL;
				GENERATE_INFOPLIST_FILE = YES;
				IPHONEOS_DEPLOYMENT_TARGET = 16.2;
				MACOSX_DEPLOYMENT_TARGET = 13.1;
				MARKETING_VERSION = 1.0;
				PRODUCT_BUNDLE_IDENTIFIER = com.bcbs.CustomCalendarTests;
				PRODUCT_NAME = "$(TARGET_NAME)";
				SDKROOT = auto;
				SUPPORTED_PLATFORMS = "iphoneos iphonesimulator macosx";
				SWIFT_EMIT_LOC_STRINGS = NO;
				SWIFT_VERSION = 5.0;
				TARGETED_DEVICE_FAMILY = "1,2";
				TEST_HOST = "$(BUILT_PRODUCTS_DIR)/CustomCalendar.app/$(BUNDLE_EXECUTABLE_FOLDER_PATH)/CustomCalendar";
			};
			name = Debug;
		};
		F81B5D132ADA902A00D67592 /* Release */ = {
			isa = XCBuildConfiguration;
			buildSettings = {
				ALWAYS_EMBED_SWIFT_STANDARD_LIBRARIES = YES;
				BUNDLE_LOADER = "$(TEST_HOST)";
				CODE_SIGN_STYLE = Automatic;
				CURRENT_PROJECT_VERSION = 1;
				DEVELOPMENT_TEAM = 3F274MB2RL;
				GENERATE_INFOPLIST_FILE = YES;
				IPHONEOS_DEPLOYMENT_TARGET = 16.2;
				MACOSX_DEPLOYMENT_TARGET = 13.1;
				MARKETING_VERSION = 1.0;
				PRODUCT_BUNDLE_IDENTIFIER = com.bcbs.CustomCalendarTests;
				PRODUCT_NAME = "$(TARGET_NAME)";
				SDKROOT = auto;
				SUPPORTED_PLATFORMS = "iphoneos iphonesimulator macosx";
				SWIFT_EMIT_LOC_STRINGS = NO;
				SWIFT_VERSION = 5.0;
				TARGETED_DEVICE_FAMILY = "1,2";
				TEST_HOST = "$(BUILT_PRODUCTS_DIR)/CustomCalendar.app/$(BUNDLE_EXECUTABLE_FOLDER_PATH)/CustomCalendar";
			};
			name = Release;
		};
		F81B5D152ADA902A00D67592 /* Debug */ = {
			isa = XCBuildConfiguration;
			buildSettings = {
				ALWAYS_EMBED_SWIFT_STANDARD_LIBRARIES = YES;
				CODE_SIGN_STYLE = Automatic;
				CURRENT_PROJECT_VERSION = 1;
				DEVELOPMENT_TEAM = 3F274MB2RL;
				GENERATE_INFOPLIST_FILE = YES;
				IPHONEOS_DEPLOYMENT_TARGET = 16.2;
				MACOSX_DEPLOYMENT_TARGET = 13.1;
				MARKETING_VERSION = 1.0;
				PRODUCT_BUNDLE_IDENTIFIER = com.bcbs.CustomCalendarUITests;
				PRODUCT_NAME = "$(TARGET_NAME)";
				SDKROOT = auto;
				SUPPORTED_PLATFORMS = "iphoneos iphonesimulator macosx";
				SWIFT_EMIT_LOC_STRINGS = NO;
				SWIFT_VERSION = 5.0;
				TARGETED_DEVICE_FAMILY = "1,2";
				TEST_TARGET_NAME = CustomCalendar;
			};
			name = Debug;
		};
		F81B5D162ADA902A00D67592 /* Release */ = {
			isa = XCBuildConfiguration;
			buildSettings = {
				ALWAYS_EMBED_SWIFT_STANDARD_LIBRARIES = YES;
				CODE_SIGN_STYLE = Automatic;
				CURRENT_PROJECT_VERSION = 1;
				DEVELOPMENT_TEAM = 3F274MB2RL;
				GENERATE_INFOPLIST_FILE = YES;
				IPHONEOS_DEPLOYMENT_TARGET = 16.2;
				MACOSX_DEPLOYMENT_TARGET = 13.1;
				MARKETING_VERSION = 1.0;
				PRODUCT_BUNDLE_IDENTIFIER = com.bcbs.CustomCalendarUITests;
				PRODUCT_NAME = "$(TARGET_NAME)";
				SDKROOT = auto;
				SUPPORTED_PLATFORMS = "iphoneos iphonesimulator macosx";
				SWIFT_EMIT_LOC_STRINGS = NO;
				SWIFT_VERSION = 5.0;
				TARGETED_DEVICE_FAMILY = "1,2";
				TEST_TARGET_NAME = CustomCalendar;
			};
			name = Release;
		};
/* End XCBuildConfiguration section */

/* Begin XCConfigurationList section */
		F81B5CE42ADA902800D67592 /* Build configuration list for PBXProject "CustomCalendar" */ = {
			isa = XCConfigurationList;
			buildConfigurations = (
				F81B5D0C2ADA902A00D67592 /* Debug */,
				F81B5D0D2ADA902A00D67592 /* Release */,
			);
			defaultConfigurationIsVisible = 0;
			defaultConfigurationName = Release;
		};
		F81B5D0E2ADA902A00D67592 /* Build configuration list for PBXNativeTarget "CustomCalendar" */ = {
			isa = XCConfigurationList;
			buildConfigurations = (
				F81B5D0F2ADA902A00D67592 /* Debug */,
				F81B5D102ADA902A00D67592 /* Release */,
			);
			defaultConfigurationIsVisible = 0;
			defaultConfigurationName = Release;
		};
		F81B5D112ADA902A00D67592 /* Build configuration list for PBXNativeTarget "CustomCalendarTests" */ = {
			isa = XCConfigurationList;
			buildConfigurations = (
				F81B5D122ADA902A00D67592 /* Debug */,
				F81B5D132ADA902A00D67592 /* Release */,
			);
			defaultConfigurationIsVisible = 0;
			defaultConfigurationName = Release;
		};
		F81B5D142ADA902A00D67592 /* Build configuration list for PBXNativeTarget "CustomCalendarUITests" */ = {
			isa = XCConfigurationList;
			buildConfigurations = (
				F81B5D152ADA902A00D67592 /* Debug */,
				F81B5D162ADA902A00D67592 /* Release */,
			);
			defaultConfigurationIsVisible = 0;
			defaultConfigurationName = Release;
		};
/* End XCConfigurationList section */
	};
	rootObject = F81B5CE12ADA902800D67592 /* Project object */;
}
